
Microsoft Visual Studio Solution File, Format Version 12.00
# Visual Studio Version 17
VisualStudioVersion = 17.8.34316.72
MinimumVisualStudioVersion = 10.0.40219.1
Project("{9A19103F-16F7-4668-BE54-9A1E7A4F7556}") = "SimpLog.Databases.MSSQL", "SimpLog.Databases.MSSQL\SimpLog.Databases.MSSQL.csproj", "{B4B4238F-55A4-44E2-ADD0-9C9BF05B2C75}"
EndProject
Global
	GlobalSection(SolutionConfigurationPlatforms) = preSolution
		Debug|Any CPU = Debug|Any CPU
		Release|Any CPU = Release|Any CPU
	EndGlobalSection
	GlobalSection(ProjectConfigurationPlatforms) = postSolution
		{B4B4238F-55A4-44E2-ADD0-9C9BF05B2C75}.Debug|Any CPU.ActiveCfg = Debug|Any CPU
		{B4B4238F-55A4-44E2-ADD0-9C9BF05B2C75}.Debug|Any CPU.Build.0 = Debug|Any CPU
		{B4B4238F-55A4-44E2-ADD0-9C9BF05B2C75}.Release|Any CPU.ActiveCfg = Release|Any CPU
		{B4B4238F-55A4-44E2-ADD0-9C9BF05B2C75}.Release|Any CPU.Build.0 = Release|Any CPU
	EndGlobalSection
	GlobalSection(SolutionProperties) = preSolution
		HideSolutionNode = FALSE
	EndGlobalSection
	GlobalSection(ExtensibilityGlobals) = postSolution
		SolutionGuid = {02B49DCD-B883-4C21-AB8E-BF63C6CD69FA}
	EndGlobalSection
EndGlobal
